// !$*UTF8*$!
{
	archiveVersion = 1;
	classes = {
	};
	objectVersion = 55;
	objects = {

/* Begin PBXBuildFile section */
		A42B61B82885CDAA00596BCB /* AppDelegate.swift in Sources */ = {isa = PBXBuildFile; fileRef = A42B61B72885CDAA00596BCB /* AppDelegate.swift */; };
		A42B61BA2885CDAA00596BCB /* SceneDelegate.swift in Sources */ = {isa = PBXBuildFile; fileRef = A42B61B92885CDAA00596BCB /* SceneDelegate.swift */; };
		A42B61BF2885CDAA00596BCB /* Main.storyboard in Resources */ = {isa = PBXBuildFile; fileRef = A42B61BD2885CDAA00596BCB /* Main.storyboard */; };
		A42B61C22885CDAA00596BCB /* todoList.xcdatamodeld in Sources */ = {isa = PBXBuildFile; fileRef = A42B61C02885CDAA00596BCB /* todoList.xcdatamodeld */; };
		A42B61C42885CDAB00596BCB /* Assets.xcassets in Resources */ = {isa = PBXBuildFile; fileRef = A42B61C32885CDAB00596BCB /* Assets.xcassets */; };
		A42B61C72885CDAB00596BCB /* LaunchScreen.storyboard in Resources */ = {isa = PBXBuildFile; fileRef = A42B61C52885CDAB00596BCB /* LaunchScreen.storyboard */; };
		A42B61D22885CDAB00596BCB /* todoListTests.swift in Sources */ = {isa = PBXBuildFile; fileRef = A42B61D12885CDAB00596BCB /* todoListTests.swift */; };
		A42B61DC2885CDAB00596BCB /* todoListUITests.swift in Sources */ = {isa = PBXBuildFile; fileRef = A42B61DB2885CDAB00596BCB /* todoListUITests.swift */; };
		A42B61DE2885CDAB00596BCB /* todoListUITestsLaunchTests.swift in Sources */ = {isa = PBXBuildFile; fileRef = A42B61DD2885CDAB00596BCB /* todoListUITestsLaunchTests.swift */; };
		A42B61ED28871E6F00596BCB /* ToDoTableViewController.swift in Sources */ = {isa = PBXBuildFile; fileRef = A42B61EC28871E6F00596BCB /* ToDoTableViewController.swift */; };
		A42B61EF28871F8B00596BCB /* ToDo.swift in Sources */ = {isa = PBXBuildFile; fileRef = A42B61EE28871F8B00596BCB /* ToDo.swift */; };
/* End PBXBuildFile section */

/* Begin PBXContainerItemProxy section */
		A42B61CE2885CDAB00596BCB /* PBXContainerItemProxy */ = {
			isa = PBXContainerItemProxy;
			containerPortal = A42B61AC2885CDAA00596BCB /* Project object */;
			proxyType = 1;
			remoteGlobalIDString = A42B61B32885CDAA00596BCB;
			remoteInfo = todoList;
		};
		A42B61D82885CDAB00596BCB /* PBXContainerItemProxy */ = {
			isa = PBXContainerItemProxy;
			containerPortal = A42B61AC2885CDAA00596BCB /* Project object */;
			proxyType = 1;
			remoteGlobalIDString = A42B61B32885CDAA00596BCB;
			remoteInfo = todoList;
		};
/* End PBXContainerItemProxy section */

/* Begin PBXFileReference section */
		A42B61B42885CDAA00596BCB /* todoList.app */ = {isa = PBXFileReference; explicitFileType = wrapper.application; includeInIndex = 0; path = todoList.app; sourceTree = BUILT_PRODUCTS_DIR; };
		A42B61B72885CDAA00596BCB /* AppDelegate.swift */ = {isa = PBXFileReference; lastKnownFileType = sourcecode.swift; path = AppDelegate.swift; sourceTree = "<group>"; };
		A42B61B92885CDAA00596BCB /* SceneDelegate.swift */ = {isa = PBXFileReference; lastKnownFileType = sourcecode.swift; path = SceneDelegate.swift; sourceTree = "<group>"; };
		A42B61BE2885CDAA00596BCB /* Base */ = {isa = PBXFileReference; lastKnownFileType = file.storyboard; name = Base; path = Base.lproj/Main.storyboard; sourceTree = "<group>"; };
		A42B61C12885CDAA00596BCB /* todoList.xcdatamodel */ = {isa = PBXFileReference; lastKnownFileType = wrapper.xcdatamodel; path = todoList.xcdatamodel; sourceTree = "<group>"; };
		A42B61C32885CDAB00596BCB /* Assets.xcassets */ = {isa = PBXFileReference; lastKnownFileType = folder.assetcatalog; path = Assets.xcassets; sourceTree = "<group>"; };
		A42B61C62885CDAB00596BCB /* Base */ = {isa = PBXFileReference; lastKnownFileType = file.storyboard; name = Base; path = Base.lproj/LaunchScreen.storyboard; sourceTree = "<group>"; };
		A42B61C82885CDAB00596BCB /* Info.plist */ = {isa = PBXFileReference; lastKnownFileType = text.plist.xml; path = Info.plist; sourceTree = "<group>"; };
		A42B61CD2885CDAB00596BCB /* todoListTests.xctest */ = {isa = PBXFileReference; explicitFileType = wrapper.cfbundle; includeInIndex = 0; path = todoListTests.xctest; sourceTree = BUILT_PRODUCTS_DIR; };
		A42B61D12885CDAB00596BCB /* todoListTests.swift */ = {isa = PBXFileReference; lastKnownFileType = sourcecode.swift; path = todoListTests.swift; sourceTree = "<group>"; };
		A42B61D72885CDAB00596BCB /* todoListUITests.xctest */ = {isa = PBXFileReference; explicitFileType = wrapper.cfbundle; includeInIndex = 0; path = todoListUITests.xctest; sourceTree = BUILT_PRODUCTS_DIR; };
		A42B61DB2885CDAB00596BCB /* todoListUITests.swift */ = {isa = PBXFileReference; lastKnownFileType = sourcecode.swift; path = todoListUITests.swift; sourceTree = "<group>"; };
		A42B61DD2885CDAB00596BCB /* todoListUITestsLaunchTests.swift */ = {isa = PBXFileReference; lastKnownFileType = sourcecode.swift; path = todoListUITestsLaunchTests.swift; sourceTree = "<group>"; };
		A42B61EC28871E6F00596BCB /* ToDoTableViewController.swift */ = {isa = PBXFileReference; lastKnownFileType = sourcecode.swift; path = ToDoTableViewController.swift; sourceTree = "<group>"; };
		A42B61EE28871F8B00596BCB /* ToDo.swift */ = {isa = PBXFileReference; lastKnownFileType = sourcecode.swift; path = ToDo.swift; sourceTree = "<group>"; };
/* End PBXFileReference section */

/* Begin PBXFrameworksBuildPhase section */
		A42B61B12885CDAA00596BCB /* Frameworks */ = {
			isa = PBXFrameworksBuildPhase;
			buildActionMask = 2147483647;
			files = (
			);
			runOnlyForDeploymentPostprocessing = 0;
		};
		A42B61CA2885CDAB00596BCB /* Frameworks */ = {
			isa = PBXFrameworksBuildPhase;
			buildActionMask = 2147483647;
			files = (
			);
			runOnlyForDeploymentPostprocessing = 0;
		};
		A42B61D42885CDAB00596BCB /* Frameworks */ = {
			isa = PBXFrameworksBuildPhase;
			buildActionMask = 2147483647;
			files = (
			);
			runOnlyForDeploymentPostprocessing = 0;
		};
/* End PBXFrameworksBuildPhase section */

/* Begin PBXGroup section */
		A42B61AB2885CDAA00596BCB = {
			isa = PBXGroup;
			children = (
				A42B61B62885CDAA00596BCB /* todoList */,
				A42B61D02885CDAB00596BCB /* todoListTests */,
				A42B61DA2885CDAB00596BCB /* todoListUITests */,
				A42B61B52885CDAA00596BCB /* Products */,
			);
			sourceTree = "<group>";
		};
		A42B61B52885CDAA00596BCB /* Products */ = {
			isa = PBXGroup;
			children = (
				A42B61B42885CDAA00596BCB /* todoList.app */,
				A42B61CD2885CDAB00596BCB /* todoListTests.xctest */,
				A42B61D72885CDAB00596BCB /* todoListUITests.xctest */,
			);
			name = Products;
			sourceTree = "<group>";
		};
		A42B61B62885CDAA00596BCB /* todoList */ = {
			isa = PBXGroup;
			children = (
				A42B61EE28871F8B00596BCB /* ToDo.swift */,
				A42B61EC28871E6F00596BCB /* ToDoTableViewController.swift */,
				A42B61B72885CDAA00596BCB /* AppDelegate.swift */,
				A42B61B92885CDAA00596BCB /* SceneDelegate.swift */,
				A42B61BD2885CDAA00596BCB /* Main.storyboard */,
				A42B61C32885CDAB00596BCB /* Assets.xcassets */,
				A42B61C52885CDAB00596BCB /* LaunchScreen.storyboard */,
				A42B61C82885CDAB00596BCB /* Info.plist */,
				A42B61C02885CDAA00596BCB /* todoList.xcdatamodeld */,
			);
			path = todoList;
			sourceTree = "<group>";
		};
		A42B61D02885CDAB00596BCB /* todoListTests */ = {
			isa = PBXGroup;
			children = (
				A42B61D12885CDAB00596BCB /* todoListTests.swift */,
			);
			path = todoListTests;
			sourceTree = "<group>";
		};
		A42B61DA2885CDAB00596BCB /* todoListUITests */ = {
			isa = PBXGroup;
			children = (
				A42B61DB2885CDAB00596BCB /* todoListUITests.swift */,
				A42B61DD2885CDAB00596BCB /* todoListUITestsLaunchTests.swift */,
			);
			path = todoListUITests;
			sourceTree = "<group>";
		};
/* End PBXGroup section */

/* Begin PBXNativeTarget section */
		A42B61B32885CDAA00596BCB /* todoList */ = {
			isa = PBXNativeTarget;
			buildConfigurationList = A42B61E12885CDAB00596BCB /* Build configuration list for PBXNativeTarget "todoList" */;
			buildPhases = (
				A42B61B02885CDAA00596BCB /* Sources */,
				A42B61B12885CDAA00596BCB /* Frameworks */,
				A42B61B22885CDAA00596BCB /* Resources */,
			);
			buildRules = (
			);
			dependencies = (
			);
			name = todoList;
			productName = todoList;
			productReference = A42B61B42885CDAA00596BCB /* todoList.app */;
			productType = "com.apple.product-type.application";
		};
		A42B61CC2885CDAB00596BCB /* todoListTests */ = {
			isa = PBXNativeTarget;
			buildConfigurationList = A42B61E42885CDAB00596BCB /* Build configuration list for PBXNativeTarget "todoListTests" */;
			buildPhases = (
				A42B61C92885CDAB00596BCB /* Sources */,
				A42B61CA2885CDAB00596BCB /* Frameworks */,
				A42B61CB2885CDAB00596BCB /* Resources */,
			);
			buildRules = (
			);
			dependencies = (
				A42B61CF2885CDAB00596BCB /* PBXTargetDependency */,
			);
			name = todoListTests;
			productName = todoListTests;
			productReference = A42B61CD2885CDAB00596BCB /* todoListTests.xctest */;
			productType = "com.apple.product-type.bundle.unit-test";
		};
		A42B61D62885CDAB00596BCB /* todoListUITests */ = {
			isa = PBXNativeTarget;
			buildConfigurationList = A42B61E72885CDAB00596BCB /* Build configuration list for PBXNativeTarget "todoListUITests" */;
			buildPhases = (
				A42B61D32885CDAB00596BCB /* Sources */,
				A42B61D42885CDAB00596BCB /* Frameworks */,
				A42B61D52885CDAB00596BCB /* Resources */,
			);
			buildRules = (
			);
			dependencies = (
				A42B61D92885CDAB00596BCB /* PBXTargetDependency */,
			);
			name = todoListUITests;
			productName = todoListUITests;
			productReference = A42B61D72885CDAB00596BCB /* todoListUITests.xctest */;
			productType = "com.apple.product-type.bundle.ui-testing";
		};
/* End PBXNativeTarget section */

/* Begin PBXProject section */
		A42B61AC2885CDAA00596BCB /* Project object */ = {
			isa = PBXProject;
			attributes = {
				BuildIndependentTargetsInParallel = 1;
				LastSwiftUpdateCheck = 1340;
				LastUpgradeCheck = 1340;
				TargetAttributes = {
					A42B61B32885CDAA00596BCB = {
						CreatedOnToolsVersion = 13.4.1;
					};
					A42B61CC2885CDAB00596BCB = {
						CreatedOnToolsVersion = 13.4.1;
						TestTargetID = A42B61B32885CDAA00596BCB;
					};
					A42B61D62885CDAB00596BCB = {
						CreatedOnToolsVersion = 13.4.1;
						TestTargetID = A42B61B32885CDAA00596BCB;
					};
				};
			};
			buildConfigurationList = A42B61AF2885CDAA00596BCB /* Build configuration list for PBXProject "todoList" */;
			compatibilityVersion = "Xcode 13.0";
			developmentRegion = en;
			hasScannedForEncodings = 0;
			knownRegions = (
				en,
				Base,
			);
			mainGroup = A42B61AB2885CDAA00596BCB;
			productRefGroup = A42B61B52885CDAA00596BCB /* Products */;
			projectDirPath = "";
			projectRoot = "";
			targets = (
				A42B61B32885CDAA00596BCB /* todoList */,
				A42B61CC2885CDAB00596BCB /* todoListTests */,
				A42B61D62885CDAB00596BCB /* todoListUITests */,
			);
		};
/* End PBXProject section */

/* Begin PBXResourcesBuildPhase section */
		A42B61B22885CDAA00596BCB /* Resources */ = {
			isa = PBXResourcesBuildPhase;
			buildActionMask = 2147483647;
			files = (
				A42B61C72885CDAB00596BCB /* LaunchScreen.storyboard in Resources */,
				A42B61C42885CDAB00596BCB /* Assets.xcassets in Resources */,
				A42B61BF2885CDAA00596BCB /* Main.storyboard in Resources */,
			);
			runOnlyForDeploymentPostprocessing = 0;
		};
		A42B61CB2885CDAB00596BCB /* Resources */ = {
			isa = PBXResourcesBuildPhase;
			buildActionMask = 2147483647;
			files = (
			);
			runOnlyForDeploymentPostprocessing = 0;
		};
		A42B61D52885CDAB00596BCB /* Resources */ = {
			isa = PBXResourcesBuildPhase;
			buildActionMask = 2147483647;
			files = (
			);
			runOnlyForDeploymentPostprocessing = 0;
		};
/* End PBXResourcesBuildPhase section */

/* Begin PBXSourcesBuildPhase section */
		A42B61B02885CDAA00596BCB /* Sources */ = {
			isa = PBXSourcesBuildPhase;
			buildActionMask = 2147483647;
			files = (
				A42B61B82885CDAA00596BCB /* AppDelegate.swift in Sources */,
				A42B61EF28871F8B00596BCB /* ToDo.swift in Sources */,
				A42B61ED28871E6F00596BCB /* ToDoTableViewController.swift in Sources */,
				A42B61BA2885CDAA00596BCB /* SceneDelegate.swift in Sources */,
				A42B61C22885CDAA00596BCB /* todoList.xcdatamodeld in Sources */,
			);
			runOnlyForDeploymentPostprocessing = 0;
		};
		A42B61C92885CDAB00596BCB /* Sources */ = {
			isa = PBXSourcesBuildPhase;
			buildActionMask = 2147483647;
			files = (
				A42B61D22885CDAB00596BCB /* todoListTests.swift in Sources */,
			);
			runOnlyForDeploymentPostprocessing = 0;
		};
		A42B61D32885CDAB00596BCB /* Sources */ = {
			isa = PBXSourcesBuildPhase;
			buildActionMask = 2147483647;
			files = (
				A42B61DE2885CDAB00596BCB /* todoListUITestsLaunchTests.swift in Sources */,
				A42B61DC2885CDAB00596BCB /* todoListUITests.swift in Sources */,
			);
			runOnlyForDeploymentPostprocessing = 0;
		};
/* End PBXSourcesBuildPhase section */

/* Begin PBXTargetDependency section */
		A42B61CF2885CDAB00596BCB /* PBXTargetDependency */ = {
			isa = PBXTargetDependency;
			target = A42B61B32885CDAA00596BCB /* todoList */;
			targetProxy = A42B61CE2885CDAB00596BCB /* PBXContainerItemProxy */;
		};
		A42B61D92885CDAB00596BCB /* PBXTargetDependency */ = {
			isa = PBXTargetDependency;
			target = A42B61B32885CDAA00596BCB /* todoList */;
			targetProxy = A42B61D82885CDAB00596BCB /* PBXContainerItemProxy */;
		};
/* End PBXTargetDependency section */

/* Begin PBXVariantGroup section */
		A42B61BD2885CDAA00596BCB /* Main.storyboard */ = {
			isa = PBXVariantGroup;
			children = (
				A42B61BE2885CDAA00596BCB /* Base */,
			);
			name = Main.storyboard;
			sourceTree = "<group>";
		};
		A42B61C52885CDAB00596BCB /* LaunchScreen.storyboard */ = {
			isa = PBXVariantGroup;
			children = (
				A42B61C62885CDAB00596BCB /* Base */,
			);
			name = LaunchScreen.storyboard;
			sourceTree = "<group>";
		};
/* End PBXVariantGroup section */

/* Begin XCBuildConfiguration section */
		A42B61DF2885CDAB00596BCB /* Debug */ = {
			isa = XCBuildConfiguration;
			buildSettings = {
				ALWAYS_SEARCH_USER_PATHS = NO;
				CLANG_ANALYZER_NONNULL = YES;
				CLANG_ANALYZER_NUMBER_OBJECT_CONVERSION = YES_AGGRESSIVE;
				CLANG_CXX_LANGUAGE_STANDARD = "gnu++17";
				CLANG_ENABLE_MODULES = YES;
				CLANG_ENABLE_OBJC_ARC = YES;
				CLANG_ENABLE_OBJC_WEAK = YES;
				CLANG_WARN_BLOCK_CAPTURE_AUTORELEASING = YES;
				CLANG_WARN_BOOL_CONVERSION = YES;
				CLANG_WARN_COMMA = YES;
				CLANG_WARN_CONSTANT_CONVERSION = YES;
				CLANG_WARN_DEPRECATED_OBJC_IMPLEMENTATIONS = YES;
				CLANG_WARN_DIRECT_OBJC_ISA_USAGE = YES_ERROR;
				CLANG_WARN_DOCUMENTATION_COMMENTS = YES;
				CLANG_WARN_EMPTY_BODY = YES;
				CLANG_WARN_ENUM_CONVERSION = YES;
				CLANG_WARN_INFINITE_RECURSION = YES;
				CLANG_WARN_INT_CONVERSION = YES;
				CLANG_WARN_NON_LITERAL_NULL_CONVERSION = YES;
				CLANG_WARN_OBJC_IMPLICIT_RETAIN_SELF = YES;
				CLANG_WARN_OBJC_LITERAL_CONVERSION = YES;
				CLANG_WARN_OBJC_ROOT_CLASS = YES_ERROR;
				CLANG_WARN_QUOTED_INCLUDE_IN_FRAMEWORK_HEADER = YES;
				CLANG_WARN_RANGE_LOOP_ANALYSIS = YES;
				CLANG_WARN_STRICT_PROTOTYPES = YES;
				CLANG_WARN_SUSPICIOUS_MOVE = YES;
				CLANG_WARN_UNGUARDED_AVAILABILITY = YES_AGGRESSIVE;
				CLANG_WARN_UNREACHABLE_CODE = YES;
				CLANG_WARN__DUPLICATE_METHOD_MATCH = YES;
				COPY_PHASE_STRIP = NO;
				DEBUG_INFORMATION_FORMAT = dwarf;
				ENABLE_STRICT_OBJC_MSGSEND = YES;
				ENABLE_TESTABILITY = YES;
				GCC_C_LANGUAGE_STANDARD = gnu11;
				GCC_DYNAMIC_NO_PIC = NO;
				GCC_NO_COMMON_BLOCKS = YES;
				GCC_OPTIMIZATION_LEVEL = 0;
				GCC_PREPROCESSOR_DEFINITIONS = (
					"DEBUG=1",
					"$(inherited)",
				);
				GCC_WARN_64_TO_32_BIT_CONVERSION = YES;
				GCC_WARN_ABOUT_RETURN_TYPE = YES_ERROR;
				GCC_WARN_UNDECLARED_SELECTOR = YES;
				GCC_WARN_UNINITIALIZED_AUTOS = YES_AGGRESSIVE;
				GCC_WARN_UNUSED_FUNCTION = YES;
				GCC_WARN_UNUSED_VARIABLE = YES;
				IPHONEOS_DEPLOYMENT_TARGET = 15.5;
				MTL_ENABLE_DEBUG_INFO = INCLUDE_SOURCE;
				MTL_FAST_MATH = YES;
				ONLY_ACTIVE_ARCH = YES;
				SDKROOT = iphoneos;
				SWIFT_ACTIVE_COMPILATION_CONDITIONS = DEBUG;
				SWIFT_OPTIMIZATION_LEVEL = "-Onone";
			};
			name = Debug;
		};
		A42B61E02885CDAB00596BCB /* Release */ = {
			isa = XCBuildConfiguration;
			buildSettings = {
				ALWAYS_SEARCH_USER_PATHS = NO;
				CLANG_ANALYZER_NONNULL = YES;
				CLANG_ANALYZER_NUMBER_OBJECT_CONVERSION = YES_AGGRESSIVE;
				CLANG_CXX_LANGUAGE_STANDARD = "gnu++17";
				CLANG_ENABLE_MODULES = YES;
				CLANG_ENABLE_OBJC_ARC = YES;
				CLANG_ENABLE_OBJC_WEAK = YES;
				CLANG_WARN_BLOCK_CAPTURE_AUTORELEASING = YES;
				CLANG_WARN_BOOL_CONVERSION = YES;
				CLANG_WARN_COMMA = YES;
				CLANG_WARN_CONSTANT_CONVERSION = YES;
				CLANG_WARN_DEPRECATED_OBJC_IMPLEMENTATIONS = YES;
				CLANG_WARN_DIRECT_OBJC_ISA_USAGE = YES_ERROR;
				CLANG_WARN_DOCUMENTATION_COMMENTS = YES;
				CLANG_WARN_EMPTY_BODY = YES;
				CLANG_WARN_ENUM_CONVERSION = YES;
				CLANG_WARN_INFINITE_RECURSION = YES;
				CLANG_WARN_INT_CONVERSION = YES;
				CLANG_WARN_NON_LITERAL_NULL_CONVERSION = YES;
				CLANG_WARN_OBJC_IMPLICIT_RETAIN_SELF = YES;
				CLANG_WARN_OBJC_LITERAL_CONVERSION = YES;
				CLANG_WARN_OBJC_ROOT_CLASS = YES_ERROR;
				CLANG_WARN_QUOTED_INCLUDE_IN_FRAMEWORK_HEADER = YES;
				CLANG_WARN_RANGE_LOOP_ANALYSIS = YES;
				CLANG_WARN_STRICT_PROTOTYPES = YES;
				CLANG_WARN_SUSPICIOUS_MOVE = YES;
				CLANG_WARN_UNGUARDED_AVAILABILITY = YES_AGGRESSIVE;
				CLANG_WARN_UNREACHABLE_CODE = YES;
				CLANG_WARN__DUPLICATE_METHOD_MATCH = YES;
				COPY_PHASE_STRIP = NO;
				DEBUG_INFORMATION_FORMAT = "dwarf-with-dsym";
				ENABLE_NS_ASSERTIONS = NO;
				ENABLE_STRICT_OBJC_MSGSEND = YES;
				GCC_C_LANGUAGE_STANDARD = gnu11;
				GCC_NO_COMMON_BLOCKS = YES;
				GCC_WARN_64_TO_32_BIT_CONVERSION = YES;
				GCC_WARN_ABOUT_RETURN_TYPE = YES_ERROR;
				GCC_WARN_UNDECLARED_SELECTOR = YES;
				GCC_WARN_UNINITIALIZED_AUTOS = YES_AGGRESSIVE;
				GCC_WARN_UNUSED_FUNCTION = YES;
				GCC_WARN_UNUSED_VARIABLE = YES;
				IPHONEOS_DEPLOYMENT_TARGET = 15.5;
				MTL_ENABLE_DEBUG_INFO = NO;
				MTL_FAST_MATH = YES;
				SDKROOT = iphoneos;
				SWIFT_COMPILATION_MODE = wholemodule;
				SWIFT_OPTIMIZATION_LEVEL = "-O";
				VALIDATE_PRODUCT = YES;
			};
			name = Release;
		};
		A42B61E22885CDAB00596BCB /* Debug */ = {
			isa = XCBuildConfiguration;
			buildSettings = {
				ASSETCATALOG_COMPILER_APPICON_NAME = AppIcon;
				ASSETCATALOG_COMPILER_GLOBAL_ACCENT_COLOR_NAME = AccentColor;
				CODE_SIGN_STYLE = Automatic;
				CURRENT_PROJECT_VERSION = 1;
				DEVELOPMENT_TEAM = 57Q4FU62M9;
				GENERATE_INFOPLIST_FILE = YES;
				INFOPLIST_FILE = todoList/Info.plist;
				INFOPLIST_KEY_UIApplicationSupportsIndirectInputEvents = YES;
				INFOPLIST_KEY_UILaunchStoryboardName = LaunchScreen;
				INFOPLIST_KEY_UIMainStoryboardFile = Main;
				INFOPLIST_KEY_UISupportedInterfaceOrientations_iPad = "UIInterfaceOrientationPortrait UIInterfaceOrientationPortraitUpsideDown UIInterfaceOrientationLandscapeLeft UIInterfaceOrientationLandscapeRight";
				INFOPLIST_KEY_UISupportedInterfaceOrientations_iPhone = "UIInterfaceOrientationPortrait UIInterfaceOrientationLandscapeLeft UIInterfaceOrientationLandscapeRight";
				LD_RUNPATH_SEARCH_PATHS = (
					"$(inherited)",
					"@executable_path/Frameworks",
				);
				MARKETING_VERSION = 1.0;
				PRODUCT_BUNDLE_IDENTIFIER = prasiKWK.todoList;
				PRODUCT_NAME = "$(TARGET_NAME)";
				SWIFT_EMIT_LOC_STRINGS = YES;
				SWIFT_VERSION = 5.0;
				TARGETED_DEVICE_FAMILY = "1,2";
			};
			name = Debug;
		};
		A42B61E32885CDAB00596BCB /* Release */ = {
			isa = XCBuildConfiguration;
			buildSettings = {
				ASSETCATALOG_COMPILER_APPICON_NAME = AppIcon;
				ASSETCATALOG_COMPILER_GLOBAL_ACCENT_COLOR_NAME = AccentColor;
				CODE_SIGN_STYLE = Automatic;
				CURRENT_PROJECT_VERSION = 1;
				DEVELOPMENT_TEAM = 57Q4FU62M9;
				GENERATE_INFOPLIST_FILE = YES;
				INFOPLIST_FILE = todoList/Info.plist;
				INFOPLIST_KEY_UIApplicationSupportsIndirectInputEvents = YES;
				INFOPLIST_KEY_UILaunchStoryboardName = LaunchScreen;
				INFOPLIST_KEY_UIMainStoryboardFile = Main;
				INFOPLIST_KEY_UISupportedInterfaceOrientations_iPad = "UIInterfaceOrientationPortrait UIInterfaceOrientationPortraitUpsideDown UIInterfaceOrientationLandscapeLeft UIInterfaceOrientationLandscapeRight";
				INFOPLIST_KEY_UISupportedInterfaceOrientations_iPhone = "UIInterfaceOrientationPortrait UIInterfaceOrientationLandscapeLeft UIInterfaceOrientationLandscapeRight";
				LD_RUNPATH_SEARCH_PATHS = (
					"$(inherited)",
					"@executable_path/Frameworks",
				);
				MARKETING_VERSION = 1.0;
				PRODUCT_BUNDLE_IDENTIFIER = prasiKWK.todoList;
				PRODUCT_NAME = "$(TARGET_NAME)";
				SWIFT_EMIT_LOC_STRINGS = YES;
				SWIFT_VERSION = 5.0;
				TARGETED_DEVICE_FAMILY = "1,2";
			};
			name = Release;
		};
		A42B61E52885CDAB00596BCB /* Debug */ = {
			isa = XCBuildConfiguration;
			buildSettings = {
				ALWAYS_EMBED_SWIFT_STANDARD_LIBRARIES = YES;
				BUNDLE_LOADER = "$(TEST_HOST)";
				CODE_SIGN_STYLE = Automatic;
				CURRENT_PROJECT_VERSION = 1;
				DEVELOPMENT_TEAM = 57Q4FU62M9;
				GENERATE_INFOPLIST_FILE = YES;
				IPHONEOS_DEPLOYMENT_TARGET = 15.5;
				MARKETING_VERSION = 1.0;
				PRODUCT_BUNDLE_IDENTIFIER = prasiKWK.todoListTests;
				PRODUCT_NAME = "$(TARGET_NAME)";
				SWIFT_EMIT_LOC_STRINGS = NO;
				SWIFT_VERSION = 5.0;
				TARGETED_DEVICE_FAMILY = "1,2";
				TEST_HOST = "$(BUILT_PRODUCTS_DIR)/todoList.app/todoList";
			};
			name = Debug;
		};
		A42B61E62885CDAB00596BCB /* Release */ = {
			isa = XCBuildConfiguration;
			buildSettings = {
				ALWAYS_EMBED_SWIFT_STANDARD_LIBRARIES = YES;
				BUNDLE_LOADER = "$(TEST_HOST)";
				CODE_SIGN_STYLE = Automatic;
				CURRENT_PROJECT_VERSION = 1;
				DEVELOPMENT_TEAM = 57Q4FU62M9;
				GENERATE_INFOPLIST_FILE = YES;
				IPHONEOS_DEPLOYMENT_TARGET = 15.5;
				MARKETING_VERSION = 1.0;
				PRODUCT_BUNDLE_IDENTIFIER = prasiKWK.todoListTests;
				PRODUCT_NAME = "$(TARGET_NAME)";
				SWIFT_EMIT_LOC_STRINGS = NO;
				SWIFT_VERSION = 5.0;
				TARGETED_DEVICE_FAMILY = "1,2";
				TEST_HOST = "$(BUILT_PRODUCTS_DIR)/todoList.app/todoList";
			};
			name = Release;
		};
		A42B61E82885CDAB00596BCB /* Debug */ = {
			isa = XCBuildConfiguration;
			buildSettings = {
				ALWAYS_EMBED_SWIFT_STANDARD_LIBRARIES = YES;
				CODE_SIGN_STYLE = Automatic;
				CURRENT_PROJECT_VERSION = 1;
				DEVELOPMENT_TEAM = 57Q4FU62M9;
				GENERATE_INFOPLIST_FILE = YES;
				MARKETING_VERSION = 1.0;
				PRODUCT_BUNDLE_IDENTIFIER = prasiKWK.todoListUITests;
				PRODUCT_NAME = "$(TARGET_NAME)";
				SWIFT_EMIT_LOC_STRINGS = NO;
				SWIFT_VERSION = 5.0;
				TARGETED_DEVICE_FAMILY = "1,2";
				TEST_TARGET_NAME = todoList;
			};
			name = Debug;
		};
		A42B61E92885CDAB00596BCB /* Release */ = {
			isa = XCBuildConfiguration;
			buildSettings = {
				ALWAYS_EMBED_SWIFT_STANDARD_LIBRARIES = YES;
				CODE_SIGN_STYLE = Automatic;
				CURRENT_PROJECT_VERSION = 1;
				DEVELOPMENT_TEAM = 57Q4FU62M9;
				GENERATE_INFOPLIST_FILE = YES;
				MARKETING_VERSION = 1.0;
				PRODUCT_BUNDLE_IDENTIFIER = prasiKWK.todoListUITests;
				PRODUCT_NAME = "$(TARGET_NAME)";
				SWIFT_EMIT_LOC_STRINGS = NO;
				SWIFT_VERSION = 5.0;
				TARGETED_DEVICE_FAMILY = "1,2";
				TEST_TARGET_NAME = todoList;
			};
			name = Release;
		};
/* End XCBuildConfiguration section */

/* Begin XCConfigurationList section */
		A42B61AF2885CDAA00596BCB /* Build configuration list for PBXProject "todoList" */ = {
			isa = XCConfigurationList;
			buildConfigurations = (
				A42B61DF2885CDAB00596BCB /* Debug */,
				A42B61E02885CDAB00596BCB /* Release */,
			);
			defaultConfigurationIsVisible = 0;
			defaultConfigurationName = Release;
		};
		A42B61E12885CDAB00596BCB /* Build configuration list for PBXNativeTarget "todoList" */ = {
			isa = XCConfigurationList;
			buildConfigurations = (
				A42B61E22885CDAB00596BCB /* Debug */,
				A42B61E32885CDAB00596BCB /* Release */,
			);
			defaultConfigurationIsVisible = 0;
			defaultConfigurationName = Release;
		};
		A42B61E42885CDAB00596BCB /* Build configuration list for PBXNativeTarget "todoListTests" */ = {
			isa = XCConfigurationList;
			buildConfigurations = (
				A42B61E52885CDAB00596BCB /* Debug */,
				A42B61E62885CDAB00596BCB /* Release */,
			);
			defaultConfigurationIsVisible = 0;
			defaultConfigurationName = Release;
		};
		A42B61E72885CDAB00596BCB /* Build configuration list for PBXNativeTarget "todoListUITests" */ = {
			isa = XCConfigurationList;
			buildConfigurations = (
				A42B61E82885CDAB00596BCB /* Debug */,
				A42B61E92885CDAB00596BCB /* Release */,
			);
			defaultConfigurationIsVisible = 0;
			defaultConfigurationName = Release;
		};
/* End XCConfigurationList section */

/* Begin XCVersionGroup section */
		A42B61C02885CDAA00596BCB /* todoList.xcdatamodeld */ = {
			isa = XCVersionGroup;
			children = (
				A42B61C12885CDAA00596BCB /* todoList.xcdatamodel */,
			);
			currentVersion = A42B61C12885CDAA00596BCB /* todoList.xcdatamodel */;
			path = todoList.xcdatamodeld;
			sourceTree = "<group>";
			versionGroupType = wrapper.xcdatamodel;
		};
/* End XCVersionGroup section */
	};
	rootObject = A42B61AC2885CDAA00596BCB /* Project object */;
}
